// !$*UTF8*$!
{
	archiveVersion = 1;
	classes = {
	};
	objectVersion = 46;
	objects = {

/* Begin PBXBuildFile section */
		0122F39D659797F8EC3FC1EA /* libPods-LoveFreshBee.a in Frameworks */ = {isa = PBXBuildFile; fileRef = D74C517ACC8EA77E0AC85EE6 /* libPods-LoveFreshBee.a */; };

		21A1059E1DE0410700A92BAE /* AFBBaseNavgationController.m in Sources */ = {isa = PBXBuildFile; fileRef = 21A105991DE0410600A92BAE /* AFBBaseNavgationController.m */; };
		21A1059F1DE0410700A92BAE /* AFBBaseViewController.m in Sources */ = {isa = PBXBuildFile; fileRef = 21A1059B1DE0410600A92BAE /* AFBBaseViewController.m */; };
		21A105A01DE0410700A92BAE /* AFBTabBarController.m in Sources */ = {isa = PBXBuildFile; fileRef = 21A1059D1DE0410600A92BAE /* AFBTabBarController.m */; };
		21A105A61DE0413300A92BAE /* AFBShopCarController.m in Sources */ = {isa = PBXBuildFile; fileRef = 21A105A51DE0413300A92BAE /* AFBShopCarController.m */; };
		21A105A91DE0414200A92BAE /* AFBHomeController.m in Sources */ = {isa = PBXBuildFile; fileRef = 21A105A81DE0414200A92BAE /* AFBHomeController.m */; };
		21A105AC1DE0416900A92BAE /* AFBOrderController.m in Sources */ = {isa = PBXBuildFile; fileRef = 21A105AB1DE0416900A92BAE /* AFBOrderController.m */; };
		21A105B91DE07EBE00A92BAE /* AFBShopCarCell.m in Sources */ = {isa = PBXBuildFile; fileRef = 21A105B71DE07EBE00A92BAE /* AFBShopCarCell.m */; };
		21A105BA1DE07EBE00A92BAE /* AFBShopCarCell.xib in Resources */ = {isa = PBXBuildFile; fileRef = 21A105B81DE07EBE00A92BAE /* AFBShopCarCell.xib */; };
		21BC601E1DDF1FA9003CC1C4 /* main.m in Sources */ = {isa = PBXBuildFile; fileRef = 21BC601D1DDF1FA9003CC1C4 /* main.m */; };
		21BC60211DDF1FA9003CC1C4 /* AppDelegate.m in Sources */ = {isa = PBXBuildFile; fileRef = 21BC60201DDF1FA9003CC1C4 /* AppDelegate.m */; };
		21BC602A1DDF1FA9003CC1C4 /* LoveFreshBee.xcdatamodeld in Sources */ = {isa = PBXBuildFile; fileRef = 21BC60281DDF1FA9003CC1C4 /* LoveFreshBee.xcdatamodeld */; };
		21BC602C1DDF1FA9003CC1C4 /* Assets.xcassets in Resources */ = {isa = PBXBuildFile; fileRef = 21BC602B1DDF1FA9003CC1C4 /* Assets.xcassets */; };
		21BC602F1DDF1FA9003CC1C4 /* LaunchScreen.storyboard in Resources */ = {isa = PBXBuildFile; fileRef = 21BC602D1DDF1FA9003CC1C4 /* LaunchScreen.storyboard */; };

		23382E561DE0678100551066 /* NSArray+Log.m in Sources */ = {isa = PBXBuildFile; fileRef = 23382E401DE0678100551066 /* NSArray+Log.m */; };
		23382E581DE0678100551066 /* NSObject+Addition.m in Sources */ = {isa = PBXBuildFile; fileRef = 23382E441DE0678100551066 /* NSObject+Addition.m */; };
		23382E591DE0678100551066 /* NSString+sandBox.m in Sources */ = {isa = PBXBuildFile; fileRef = 23382E461DE0678100551066 /* NSString+sandBox.m */; };
		23382E5A1DE0678100551066 /* UIButton+Addition.m in Sources */ = {isa = PBXBuildFile; fileRef = 23382E481DE0678100551066 /* UIButton+Addition.m */; };
		23382E5B1DE0678100551066 /* UIColor+Addition.m in Sources */ = {isa = PBXBuildFile; fileRef = 23382E4A1DE0678100551066 /* UIColor+Addition.m */; };
		23382E5C1DE0678100551066 /* UILabel+Addition.m in Sources */ = {isa = PBXBuildFile; fileRef = 23382E4C1DE0678100551066 /* UILabel+Addition.m */; };
		23382E5D1DE0678100551066 /* UIScreen+Addition.m in Sources */ = {isa = PBXBuildFile; fileRef = 23382E4E1DE0678100551066 /* UIScreen+Addition.m */; };
		23382E5E1DE0678100551066 /* UIView+Addition.m in Sources */ = {isa = PBXBuildFile; fileRef = 23382E501DE0678100551066 /* UIView+Addition.m */; };
		23382E5F1DE0678100551066 /* UIView+Frame.m in Sources */ = {isa = PBXBuildFile; fileRef = 23382E521DE0678100551066 /* UIView+Frame.m */; };
		23382E601DE0678100551066 /* UIViewController+Addition.m in Sources */ = {isa = PBXBuildFile; fileRef = 23382E541DE0678100551066 /* UIViewController+Addition.m */; };

/* End PBXBuildFile section */

/* Begin PBXFileReference section */
		04119FED40C8F5FAE2C90733 /* Pods-LoveFreshBee.release.xcconfig */ = {isa = PBXFileReference; includeInIndex = 1; lastKnownFileType = text.xcconfig; name = "Pods-LoveFreshBee.release.xcconfig"; path = "Pods/Target Support Files/Pods-LoveFreshBee/Pods-LoveFreshBee.release.xcconfig"; sourceTree = "<group>"; };

		21A1058B1DE038B900A92BAE /* AFB.pch */ = {isa = PBXFileReference; fileEncoding = 4; lastKnownFileType = sourcecode.c.h; path = AFB.pch; sourceTree = "<group>"; };
		21A105981DE0410600A92BAE /* AFBBaseNavgationController.h */ = {isa = PBXFileReference; fileEncoding = 4; lastKnownFileType = sourcecode.c.h; path = AFBBaseNavgationController.h; sourceTree = "<group>"; };
		21A105991DE0410600A92BAE /* AFBBaseNavgationController.m */ = {isa = PBXFileReference; fileEncoding = 4; lastKnownFileType = sourcecode.c.objc; path = AFBBaseNavgationController.m; sourceTree = "<group>"; };
		21A1059A1DE0410600A92BAE /* AFBBaseViewController.h */ = {isa = PBXFileReference; fileEncoding = 4; lastKnownFileType = sourcecode.c.h; path = AFBBaseViewController.h; sourceTree = "<group>"; };
		21A1059B1DE0410600A92BAE /* AFBBaseViewController.m */ = {isa = PBXFileReference; fileEncoding = 4; lastKnownFileType = sourcecode.c.objc; path = AFBBaseViewController.m; sourceTree = "<group>"; };
		21A1059C1DE0410600A92BAE /* AFBTabBarController.h */ = {isa = PBXFileReference; fileEncoding = 4; lastKnownFileType = sourcecode.c.h; path = AFBTabBarController.h; sourceTree = "<group>"; };
		21A1059D1DE0410600A92BAE /* AFBTabBarController.m */ = {isa = PBXFileReference; fileEncoding = 4; lastKnownFileType = sourcecode.c.objc; path = AFBTabBarController.m; sourceTree = "<group>"; };
		21A105A41DE0413300A92BAE /* AFBShopCarController.h */ = {isa = PBXFileReference; fileEncoding = 4; lastKnownFileType = sourcecode.c.h; path = AFBShopCarController.h; sourceTree = "<group>"; };
		21A105A51DE0413300A92BAE /* AFBShopCarController.m */ = {isa = PBXFileReference; fileEncoding = 4; lastKnownFileType = sourcecode.c.objc; path = AFBShopCarController.m; sourceTree = "<group>"; };
		21A105A71DE0414100A92BAE /* AFBHomeController.h */ = {isa = PBXFileReference; fileEncoding = 4; lastKnownFileType = sourcecode.c.h; path = AFBHomeController.h; sourceTree = "<group>"; };
		21A105A81DE0414200A92BAE /* AFBHomeController.m */ = {isa = PBXFileReference; fileEncoding = 4; lastKnownFileType = sourcecode.c.objc; path = AFBHomeController.m; sourceTree = "<group>"; };
		21A105AA1DE0416900A92BAE /* AFBOrderController.h */ = {isa = PBXFileReference; fileEncoding = 4; lastKnownFileType = sourcecode.c.h; path = AFBOrderController.h; sourceTree = "<group>"; };
		21A105AB1DE0416900A92BAE /* AFBOrderController.m */ = {isa = PBXFileReference; fileEncoding = 4; lastKnownFileType = sourcecode.c.objc; path = AFBOrderController.m; sourceTree = "<group>"; };
		21A105B61DE07EBE00A92BAE /* AFBShopCarCell.h */ = {isa = PBXFileReference; fileEncoding = 4; lastKnownFileType = sourcecode.c.h; path = AFBShopCarCell.h; sourceTree = "<group>"; };
		21A105B71DE07EBE00A92BAE /* AFBShopCarCell.m */ = {isa = PBXFileReference; fileEncoding = 4; lastKnownFileType = sourcecode.c.objc; path = AFBShopCarCell.m; sourceTree = "<group>"; };
		21A105B81DE07EBE00A92BAE /* AFBShopCarCell.xib */ = {isa = PBXFileReference; fileEncoding = 4; lastKnownFileType = file.xib; path = AFBShopCarCell.xib; sourceTree = "<group>"; };
		21BC60191DDF1FA9003CC1C4 /* LoveFreshBee.app */ = {isa = PBXFileReference; explicitFileType = wrapper.application; includeInIndex = 0; path = LoveFreshBee.app; sourceTree = BUILT_PRODUCTS_DIR; };
		21BC601D1DDF1FA9003CC1C4 /* main.m */ = {isa = PBXFileReference; lastKnownFileType = sourcecode.c.objc; path = main.m; sourceTree = "<group>"; };
		21BC601F1DDF1FA9003CC1C4 /* AppDelegate.h */ = {isa = PBXFileReference; lastKnownFileType = sourcecode.c.h; path = AppDelegate.h; sourceTree = "<group>"; };
		21BC60201DDF1FA9003CC1C4 /* AppDelegate.m */ = {isa = PBXFileReference; lastKnownFileType = sourcecode.c.objc; path = AppDelegate.m; sourceTree = "<group>"; };
		21BC60291DDF1FA9003CC1C4 /* LoveFreshBee.xcdatamodel */ = {isa = PBXFileReference; lastKnownFileType = wrapper.xcdatamodel; path = LoveFreshBee.xcdatamodel; sourceTree = "<group>"; };
		21BC602B1DDF1FA9003CC1C4 /* Assets.xcassets */ = {isa = PBXFileReference; lastKnownFileType = folder.assetcatalog; path = Assets.xcassets; sourceTree = "<group>"; };
		21BC602E1DDF1FA9003CC1C4 /* Base */ = {isa = PBXFileReference; lastKnownFileType = file.storyboard; name = Base; path = Base.lproj/LaunchScreen.storyboard; sourceTree = "<group>"; };
		21BC60301DDF1FA9003CC1C4 /* Info.plist */ = {isa = PBXFileReference; lastKnownFileType = text.plist.xml; path = Info.plist; sourceTree = "<group>"; };
		23382E3C1DE0678100551066 /* AYAddition.h */ = {isa = PBXFileReference; fileEncoding = 4; lastKnownFileType = sourcecode.c.h; path = AYAddition.h; sourceTree = "<group>"; };
		23382E3D1DE0678100551066 /* NSArray+Addition.h */ = {isa = PBXFileReference; fileEncoding = 4; lastKnownFileType = sourcecode.c.h; path = "NSArray+Addition.h"; sourceTree = "<group>"; };
		23382E3E1DE0678100551066 /* NSArray+Addition.m */ = {isa = PBXFileReference; fileEncoding = 4; lastKnownFileType = sourcecode.c.objc; path = "NSArray+Addition.m"; sourceTree = "<group>"; };
		23382E3F1DE0678100551066 /* NSArray+Log.h */ = {isa = PBXFileReference; fileEncoding = 4; lastKnownFileType = sourcecode.c.h; path = "NSArray+Log.h"; sourceTree = "<group>"; };
		23382E401DE0678100551066 /* NSArray+Log.m */ = {isa = PBXFileReference; fileEncoding = 4; lastKnownFileType = sourcecode.c.objc; path = "NSArray+Log.m"; sourceTree = "<group>"; };
		23382E431DE0678100551066 /* NSObject+Addition.h */ = {isa = PBXFileReference; fileEncoding = 4; lastKnownFileType = sourcecode.c.h; path = "NSObject+Addition.h"; sourceTree = "<group>"; };
		23382E441DE0678100551066 /* NSObject+Addition.m */ = {isa = PBXFileReference; fileEncoding = 4; lastKnownFileType = sourcecode.c.objc; path = "NSObject+Addition.m"; sourceTree = "<group>"; };
		23382E451DE0678100551066 /* NSString+sandBox.h */ = {isa = PBXFileReference; fileEncoding = 4; lastKnownFileType = sourcecode.c.h; path = "NSString+sandBox.h"; sourceTree = "<group>"; };
		23382E461DE0678100551066 /* NSString+sandBox.m */ = {isa = PBXFileReference; fileEncoding = 4; lastKnownFileType = sourcecode.c.objc; path = "NSString+sandBox.m"; sourceTree = "<group>"; };
		23382E471DE0678100551066 /* UIButton+Addition.h */ = {isa = PBXFileReference; fileEncoding = 4; lastKnownFileType = sourcecode.c.h; path = "UIButton+Addition.h"; sourceTree = "<group>"; };
		23382E481DE0678100551066 /* UIButton+Addition.m */ = {isa = PBXFileReference; fileEncoding = 4; lastKnownFileType = sourcecode.c.objc; path = "UIButton+Addition.m"; sourceTree = "<group>"; };
		23382E491DE0678100551066 /* UIColor+Addition.h */ = {isa = PBXFileReference; fileEncoding = 4; lastKnownFileType = sourcecode.c.h; path = "UIColor+Addition.h"; sourceTree = "<group>"; };
		23382E4A1DE0678100551066 /* UIColor+Addition.m */ = {isa = PBXFileReference; fileEncoding = 4; lastKnownFileType = sourcecode.c.objc; path = "UIColor+Addition.m"; sourceTree = "<group>"; };
		23382E4B1DE0678100551066 /* UILabel+Addition.h */ = {isa = PBXFileReference; fileEncoding = 4; lastKnownFileType = sourcecode.c.h; path = "UILabel+Addition.h"; sourceTree = "<group>"; };
		23382E4C1DE0678100551066 /* UILabel+Addition.m */ = {isa = PBXFileReference; fileEncoding = 4; lastKnownFileType = sourcecode.c.objc; path = "UILabel+Addition.m"; sourceTree = "<group>"; };
		23382E4D1DE0678100551066 /* UIScreen+Addition.h */ = {isa = PBXFileReference; fileEncoding = 4; lastKnownFileType = sourcecode.c.h; path = "UIScreen+Addition.h"; sourceTree = "<group>"; };
		23382E4E1DE0678100551066 /* UIScreen+Addition.m */ = {isa = PBXFileReference; fileEncoding = 4; lastKnownFileType = sourcecode.c.objc; path = "UIScreen+Addition.m"; sourceTree = "<group>"; };
		23382E4F1DE0678100551066 /* UIView+Addition.h */ = {isa = PBXFileReference; fileEncoding = 4; lastKnownFileType = sourcecode.c.h; path = "UIView+Addition.h"; sourceTree = "<group>"; };
		23382E501DE0678100551066 /* UIView+Addition.m */ = {isa = PBXFileReference; fileEncoding = 4; lastKnownFileType = sourcecode.c.objc; path = "UIView+Addition.m"; sourceTree = "<group>"; };
		23382E511DE0678100551066 /* UIView+Frame.h */ = {isa = PBXFileReference; fileEncoding = 4; lastKnownFileType = sourcecode.c.h; path = "UIView+Frame.h"; sourceTree = "<group>"; };
		23382E521DE0678100551066 /* UIView+Frame.m */ = {isa = PBXFileReference; fileEncoding = 4; lastKnownFileType = sourcecode.c.objc; path = "UIView+Frame.m"; sourceTree = "<group>"; };
		23382E531DE0678100551066 /* UIViewController+Addition.h */ = {isa = PBXFileReference; fileEncoding = 4; lastKnownFileType = sourcecode.c.h; path = "UIViewController+Addition.h"; sourceTree = "<group>"; };
		23382E541DE0678100551066 /* UIViewController+Addition.m */ = {isa = PBXFileReference; fileEncoding = 4; lastKnownFileType = sourcecode.c.objc; path = "UIViewController+Addition.m"; sourceTree = "<group>"; };

		B8C0B942AAAF476A01AE2662 /* Pods-LoveFreshBee.debug.xcconfig */ = {isa = PBXFileReference; includeInIndex = 1; lastKnownFileType = text.xcconfig; name = "Pods-LoveFreshBee.debug.xcconfig"; path = "Pods/Target Support Files/Pods-LoveFreshBee/Pods-LoveFreshBee.debug.xcconfig"; sourceTree = "<group>"; };
		D74C517ACC8EA77E0AC85EE6 /* libPods-LoveFreshBee.a */ = {isa = PBXFileReference; explicitFileType = archive.ar; includeInIndex = 0; path = "libPods-LoveFreshBee.a"; sourceTree = BUILT_PRODUCTS_DIR; };
/* End PBXFileReference section */

/* Begin PBXFrameworksBuildPhase section */
		21BC60161DDF1FA9003CC1C4 /* Frameworks */ = {
			isa = PBXFrameworksBuildPhase;
			buildActionMask = 2147483647;
			files = (
				0122F39D659797F8EC3FC1EA /* libPods-LoveFreshBee.a in Frameworks */,
			);
			runOnlyForDeploymentPostprocessing = 0;
		};
/* End PBXFrameworksBuildPhase section */

/* Begin PBXGroup section */
		1B8CB2D31DE068F00021A7DC /* Views */ = {
			isa = PBXGroup;
			children = (
				1B8CB2DE1DE0811D0021A7DC /* AFBHomeHeaderView.h */,
				1B8CB2DF1DE0811D0021A7DC /* AFBHomeHeaderView.m */,
			);
			path = Views;
			sourceTree = "<group>";
		};
		21A1056A1DE01E5700A92BAE /* Class */ = {
			isa = PBXGroup;
			children = (
				21A105701DE01E5700A92BAE /* Mains */,
				21A1057F1DE01E5700A92BAE /* SuperMarket(闪送超市) */,
				21A1056B1DE01E5700A92BAE /* Home(首页) */,
				21A1057A1DE01E5700A92BAE /* ShopCar(购物车) */,
				21A105751DE01E5700A92BAE /* Mine(我的) */,
				23382E3A1DE0678100551066 /* Tools */,
			);
			path = Class;
			sourceTree = "<group>";
		};
		21A1056B1DE01E5700A92BAE /* Home(首页) */ = {
			isa = PBXGroup;
			children = (
				1B8CB2D31DE068F00021A7DC /* Views */,
				21A1056C1DE01E5700A92BAE /* Controllers */,
			);
			name = "Home(首页)";
			path = Home;
			sourceTree = "<group>";
		};
		21A1056C1DE01E5700A92BAE /* Controllers */ = {
			isa = PBXGroup;
			children = (
				21A105A71DE0414100A92BAE /* AFBHomeController.h */,
				21A105A81DE0414200A92BAE /* AFBHomeController.m */,
			);
			path = Controllers;
			sourceTree = "<group>";
		};
		21A105701DE01E5700A92BAE /* Mains */ = {
			isa = PBXGroup;
			children = (
				23382E101DE0633700551066 /* Views */,
				21A105711DE01E5700A92BAE /* Controllers */,
			);
			path = Mains;
			sourceTree = "<group>";
		};
		21A105711DE01E5700A92BAE /* Controllers */ = {
			isa = PBXGroup;
			children = (
				21A105981DE0410600A92BAE /* AFBBaseNavgationController.h */,
				21A105991DE0410600A92BAE /* AFBBaseNavgationController.m */,
				21A1059A1DE0410600A92BAE /* AFBBaseViewController.h */,
				21A1059B1DE0410600A92BAE /* AFBBaseViewController.m */,
				21A1059C1DE0410600A92BAE /* AFBTabBarController.h */,
				21A1059D1DE0410600A92BAE /* AFBTabBarController.m */,
			);
			path = Controllers;
			sourceTree = "<group>";
		};
		21A105751DE01E5700A92BAE /* Mine(我的) */ = {
			isa = PBXGroup;
			children = (
				2AD53A9D1DE149D40061057A /* Controllers */,
				2AD53AA01DE149D40061057A /* Views */,
			);
			name = "Mine(我的)";
			path = Mine;
			sourceTree = "<group>";
		};
		21A1057A1DE01E5700A92BAE /* ShopCar(购物车) */ = {
			isa = PBXGroup;
			children = (
				21A1057B1DE01E5700A92BAE /* Controllers */,
				21A105BB1DE07ED100A92BAE /* Cell */,
			);
			name = "ShopCar(购物车)";
			path = ShopCar;
			sourceTree = "<group>";
		};
		21A1057B1DE01E5700A92BAE /* Controllers */ = {
			isa = PBXGroup;
			children = (
				21A105A41DE0413300A92BAE /* AFBShopCarController.h */,
				21A105A51DE0413300A92BAE /* AFBShopCarController.m */,
			);
			path = Controllers;
			sourceTree = "<group>";
		};
		21A1057F1DE01E5700A92BAE /* SuperMarket(闪送超市) */ = {
			isa = PBXGroup;
			children = (
				21A105801DE01E5700A92BAE /* Controllers */,
				321B6BA41DE07A0500B16A0F /* Views */,
			);
			name = "SuperMarket(闪送超市)";
			path = SuperMarket;
			sourceTree = "<group>";
		};
		21A105801DE01E5700A92BAE /* Controllers */ = {
			isa = PBXGroup;
			children = (
				21A105AA1DE0416900A92BAE /* AFBOrderController.h */,
				21A105AB1DE0416900A92BAE /* AFBOrderController.m */,
			);
			path = Controllers;
			sourceTree = "<group>";
		};
		21BC60101DDF1FA9003CC1C4 = {
			isa = PBXGroup;
			children = (
				21BC601B1DDF1FA9003CC1C4 /* LoveFreshBee */,
				21BC601A1DDF1FA9003CC1C4 /* Products */,
				E786C4662A2FCA23E1126C41 /* Pods */,
				A80975EB640F52211D87E22B /* Frameworks */,
			);
			sourceTree = "<group>";
		};
		21BC601A1DDF1FA9003CC1C4 /* Products */ = {
			isa = PBXGroup;
			children = (
				21BC60191DDF1FA9003CC1C4 /* LoveFreshBee.app */,
			);
			name = Products;
			sourceTree = "<group>";
		};
		21BC601B1DDF1FA9003CC1C4 /* LoveFreshBee */ = {
			isa = PBXGroup;
			children = (
				21A1056A1DE01E5700A92BAE /* Class */,
				21BC601C1DDF1FA9003CC1C4 /* Supporting Files */,
			);
			path = LoveFreshBee;
			sourceTree = "<group>";
		};
		21BC601C1DDF1FA9003CC1C4 /* Supporting Files */ = {
			isa = PBXGroup;
			children = (
				21BC601F1DDF1FA9003CC1C4 /* AppDelegate.h */,
				21BC60201DDF1FA9003CC1C4 /* AppDelegate.m */,
				21BC602B1DDF1FA9003CC1C4 /* Assets.xcassets */,
				21BC602D1DDF1FA9003CC1C4 /* LaunchScreen.storyboard */,
				21BC60301DDF1FA9003CC1C4 /* Info.plist */,
				21BC60281DDF1FA9003CC1C4 /* LoveFreshBee.xcdatamodeld */,
				21BC601D1DDF1FA9003CC1C4 /* main.m */,
				21A1058B1DE038B900A92BAE /* AFB.pch */,
			);
			name = "Supporting Files";
			sourceTree = "<group>";
		};
		23382E101DE0633700551066 /* Views */ = {
			isa = PBXGroup;
			children = (

			);
			path = Views;
			sourceTree = "<group>";
		};
		23382E3A1DE0678100551066 /* Tools */ = {
			isa = PBXGroup;
			children = (
				23382E3B1DE0678100551066 /* AY_Addition */,
				2192AE141DE1296900B3AEA1 /* AFBDownLoadManager.h */,
				2192AE151DE1296900B3AEA1 /* AFBDownLoadManager.m */,
			);
			path = Tools;
			sourceTree = "<group>";
		};
		23382E3B1DE0678100551066 /* AY_Addition */ = {
			isa = PBXGroup;
			children = (
				23382E3C1DE0678100551066 /* AYAddition.h */,
				23382E3D1DE0678100551066 /* NSArray+Addition.h */,
				23382E3E1DE0678100551066 /* NSArray+Addition.m */,
				23382E3F1DE0678100551066 /* NSArray+Log.h */,
				23382E401DE0678100551066 /* NSArray+Log.m */,
				23E172481DE13E8100BF5D57 /* NSAttributedString+Addition.h */,
				23E172491DE13E8100BF5D57 /* NSAttributedString+Addition.m */,
				23382E431DE0678100551066 /* NSObject+Addition.h */,
				23382E441DE0678100551066 /* NSObject+Addition.m */,
				23382E451DE0678100551066 /* NSString+sandBox.h */,
				23382E461DE0678100551066 /* NSString+sandBox.m */,
				23382E471DE0678100551066 /* UIButton+Addition.h */,
				23382E481DE0678100551066 /* UIButton+Addition.m */,
				23382E491DE0678100551066 /* UIColor+Addition.h */,
				23382E4A1DE0678100551066 /* UIColor+Addition.m */,
				23382E4B1DE0678100551066 /* UILabel+Addition.h */,
				23382E4C1DE0678100551066 /* UILabel+Addition.m */,
				23382E4D1DE0678100551066 /* UIScreen+Addition.h */,
				23382E4E1DE0678100551066 /* UIScreen+Addition.m */,
				23382E4F1DE0678100551066 /* UIView+Addition.h */,
				23382E501DE0678100551066 /* UIView+Addition.m */,
				23382E511DE0678100551066 /* UIView+Frame.h */,
				23382E521DE0678100551066 /* UIView+Frame.m */,
				23382E531DE0678100551066 /* UIViewController+Addition.h */,
				23382E541DE0678100551066 /* UIViewController+Addition.m */,
			);
			path = AY_Addition;
			sourceTree = "<group>";
		};

		A80975EB640F52211D87E22B /* Frameworks */ = {
			isa = PBXGroup;
			children = (
				D74C517ACC8EA77E0AC85EE6 /* libPods-LoveFreshBee.a */,
			);
			name = Frameworks;
			sourceTree = "<group>";
		};
		E786C4662A2FCA23E1126C41 /* Pods */ = {
			isa = PBXGroup;
			children = (
				B8C0B942AAAF476A01AE2662 /* Pods-LoveFreshBee.debug.xcconfig */,
				04119FED40C8F5FAE2C90733 /* Pods-LoveFreshBee.release.xcconfig */,
			);
			name = Pods;
			sourceTree = "<group>";
		};
/* End PBXGroup section */

/* Begin PBXNativeTarget section */
		21BC60181DDF1FA9003CC1C4 /* LoveFreshBee */ = {
			isa = PBXNativeTarget;
			buildConfigurationList = 21BC60331DDF1FA9003CC1C4 /* Build configuration list for PBXNativeTarget "LoveFreshBee" */;
			buildPhases = (
				E1AEF6038B26AE175C57CE2D /* [CP] Check Pods Manifest.lock */,
				21BC60151DDF1FA9003CC1C4 /* Sources */,
				21BC60161DDF1FA9003CC1C4 /* Frameworks */,
				21BC60171DDF1FA9003CC1C4 /* Resources */,
				A74D79EF2FD682C395578C89 /* [CP] Embed Pods Frameworks */,
				635B43C9F88C1947AACB5B11 /* [CP] Copy Pods Resources */,
			);
			buildRules = (
			);
			dependencies = (
			);
			name = LoveFreshBee;
			productName = LoveFreshBee;
			productReference = 21BC60191DDF1FA9003CC1C4 /* LoveFreshBee.app */;
			productType = "com.apple.product-type.application";
		};
/* End PBXNativeTarget section */

/* Begin PBXProject section */
		21BC60111DDF1FA9003CC1C4 /* Project object */ = {
			isa = PBXProject;
			attributes = {
				CLASSPREFIX = AFB;
				LastUpgradeCheck = 0810;
				ORGANIZATIONNAME = gao2015;
				TargetAttributes = {
					21BC60181DDF1FA9003CC1C4 = {
						CreatedOnToolsVersion = 8.1;
						ProvisioningStyle = Automatic;
					};
				};
			};
			buildConfigurationList = 21BC60141DDF1FA9003CC1C4 /* Build configuration list for PBXProject "LoveFreshBee" */;
			compatibilityVersion = "Xcode 3.2";
			developmentRegion = English;
			hasScannedForEncodings = 0;
			knownRegions = (
				en,
				Base,
			);
			mainGroup = 21BC60101DDF1FA9003CC1C4;
			productRefGroup = 21BC601A1DDF1FA9003CC1C4 /* Products */;
			projectDirPath = "";
			projectRoot = "";
			targets = (
				21BC60181DDF1FA9003CC1C4 /* LoveFreshBee */,
			);
		};
/* End PBXProject section */

/* Begin PBXResourcesBuildPhase section */
		21BC60171DDF1FA9003CC1C4 /* Resources */ = {
			isa = PBXResourcesBuildPhase;
			buildActionMask = 2147483647;
			files = (
				21A105BA1DE07EBE00A92BAE /* AFBShopCarCell.xib in Resources */,
				21BC602F1DDF1FA9003CC1C4 /* LaunchScreen.storyboard in Resources */,
				321E92AB1DE1221000FC6B20 /* AFBOrderIncreaseAndReduceView.xib in Resources */,
				21BC602C1DDF1FA9003CC1C4 /* Assets.xcassets in Resources */,

			);
			runOnlyForDeploymentPostprocessing = 0;
		};
/* End PBXResourcesBuildPhase section */

/* Begin PBXShellScriptBuildPhase section */
		635B43C9F88C1947AACB5B11 /* [CP] Copy Pods Resources */ = {
			isa = PBXShellScriptBuildPhase;
			buildActionMask = 2147483647;
			files = (
			);
			inputPaths = (
			);
			name = "[CP] Copy Pods Resources";
			outputPaths = (
			);
			runOnlyForDeploymentPostprocessing = 0;
			shellPath = /bin/sh;
			shellScript = "\"${SRCROOT}/Pods/Target Support Files/Pods-LoveFreshBee/Pods-LoveFreshBee-resources.sh\"\n";
			showEnvVarsInLog = 0;
		};
		A74D79EF2FD682C395578C89 /* [CP] Embed Pods Frameworks */ = {
			isa = PBXShellScriptBuildPhase;
			buildActionMask = 2147483647;
			files = (
			);
			inputPaths = (
			);
			name = "[CP] Embed Pods Frameworks";
			outputPaths = (
			);
			runOnlyForDeploymentPostprocessing = 0;
			shellPath = /bin/sh;
			shellScript = "\"${SRCROOT}/Pods/Target Support Files/Pods-LoveFreshBee/Pods-LoveFreshBee-frameworks.sh\"\n";
			showEnvVarsInLog = 0;
		};
		E1AEF6038B26AE175C57CE2D /* [CP] Check Pods Manifest.lock */ = {
			isa = PBXShellScriptBuildPhase;
			buildActionMask = 2147483647;
			files = (
			);
			inputPaths = (
			);
			name = "[CP] Check Pods Manifest.lock";
			outputPaths = (
			);
			runOnlyForDeploymentPostprocessing = 0;
			shellPath = /bin/sh;
			shellScript = "diff \"${PODS_ROOT}/../Podfile.lock\" \"${PODS_ROOT}/Manifest.lock\" > /dev/null\nif [ $? != 0 ] ; then\n    # print error to STDERR\n    echo \"error: The sandbox is not in sync with the Podfile.lock. Run 'pod install' or update your CocoaPods installation.\" >&2\n    exit 1\nfi\n";
			showEnvVarsInLog = 0;
		};
/* End PBXShellScriptBuildPhase section */

/* Begin PBXSourcesBuildPhase section */
		21BC60151DDF1FA9003CC1C4 /* Sources */ = {
			isa = PBXSourcesBuildPhase;
			buildActionMask = 2147483647;
			files = (
				23054C391DE0AF2500EE005E /* AFBBaseTableView.m in Sources */,
				1B8CB2E01DE0811D0021A7DC /* AFBHomeHeaderView.m in Sources */,
				21BC60211DDF1FA9003CC1C4 /* AppDelegate.m in Sources */,
				21A105AC1DE0416900A92BAE /* AFBOrderController.m in Sources */,
				21BC601E1DDF1FA9003CC1C4 /* main.m in Sources */,
				21A1059F1DE0410700A92BAE /* AFBBaseViewController.m in Sources */,
				23054C3C1DE0D45500EE005E /* AFBOrderRightTableViewFootView.m in Sources */,
				21A1059E1DE0410700A92BAE /* AFBBaseNavgationController.m in Sources */,
				21A105A01DE0410700A92BAE /* AFBTabBarController.m in Sources */,

				23382E5C1DE0678100551066 /* UILabel+Addition.m in Sources */,
				23054C361DE0AE1300EE005E /* AFBOrderLeftTableView.m in Sources */,
				23382E5E1DE0678100551066 /* UIView+Addition.m in Sources */,
				23382E581DE0678100551066 /* NSObject+Addition.m in Sources */,
				321E92A91DE121F900FC6B20 /* AFBOrderIncreaseAndReduceView.m in Sources */,
				23382E601DE0678100551066 /* UIViewController+Addition.m in Sources */,
				23382E5F1DE0678100551066 /* UIView+Frame.m in Sources */,
				23382E5A1DE0678100551066 /* UIButton+Addition.m in Sources */,
				23382E5B1DE0678100551066 /* UIColor+Addition.m in Sources */,
				2192AE161DE1296900B3AEA1 /* AFBDownLoadManager.m in Sources */,
				23382E561DE0678100551066 /* NSArray+Log.m in Sources */,
				21A105A61DE0413300A92BAE /* AFBShopCarController.m in Sources */,
				21A105A91DE0414200A92BAE /* AFBHomeController.m in Sources */,
				21BC602A1DDF1FA9003CC1C4 /* LoveFreshBee.xcdatamodeld in Sources */,
				23E1724A1DE13E8100BF5D57 /* NSAttributedString+Addition.m in Sources */,
				23382E591DE0678100551066 /* NSString+sandBox.m in Sources */,
				23382E5D1DE0678100551066 /* UIScreen+Addition.m in Sources */,
				321B6BAA1DE07A0500B16A0F /* AFBOrderRightCell.m in Sources */,
				2AD53AA31DE149D40061057A /* AFBMineController.m in Sources */,
				2AD53AA41DE149D40061057A /* AFBMineTableViewCell.m in Sources */,
				23054C301DE0AB6C00EE005E /* AFBOrderLeftCell.m in Sources */,
			);
			runOnlyForDeploymentPostprocessing = 0;
		};
/* End PBXSourcesBuildPhase section */

/* Begin PBXVariantGroup section */
		21BC602D1DDF1FA9003CC1C4 /* LaunchScreen.storyboard */ = {
			isa = PBXVariantGroup;
			children = (
				21BC602E1DDF1FA9003CC1C4 /* Base */,
			);
			name = LaunchScreen.storyboard;
			sourceTree = "<group>";
		};
/* End PBXVariantGroup section */

/* Begin XCBuildConfiguration section */
		21BC60311DDF1FA9003CC1C4 /* Debug */ = {
			isa = XCBuildConfiguration;
			buildSettings = {
				ALWAYS_SEARCH_USER_PATHS = NO;
				CLANG_ANALYZER_NONNULL = YES;
				CLANG_CXX_LANGUAGE_STANDARD = "gnu++0x";
				CLANG_CXX_LIBRARY = "libc++";
				CLANG_ENABLE_MODULES = YES;
				CLANG_ENABLE_OBJC_ARC = YES;
				CLANG_WARN_BOOL_CONVERSION = YES;
				CLANG_WARN_CONSTANT_CONVERSION = YES;
				CLANG_WARN_DIRECT_OBJC_ISA_USAGE = YES_ERROR;
				CLANG_WARN_DOCUMENTATION_COMMENTS = YES;
				CLANG_WARN_EMPTY_BODY = YES;
				CLANG_WARN_ENUM_CONVERSION = YES;
				CLANG_WARN_INFINITE_RECURSION = YES;
				CLANG_WARN_INT_CONVERSION = YES;
				CLANG_WARN_OBJC_ROOT_CLASS = YES_ERROR;
				CLANG_WARN_SUSPICIOUS_MOVES = YES;
				CLANG_WARN_UNREACHABLE_CODE = YES;
				CLANG_WARN__DUPLICATE_METHOD_MATCH = YES;
				"CODE_SIGN_IDENTITY[sdk=iphoneos*]" = "iPhone Developer";
				COPY_PHASE_STRIP = NO;
				DEBUG_INFORMATION_FORMAT = dwarf;
				ENABLE_STRICT_OBJC_MSGSEND = YES;
				ENABLE_TESTABILITY = YES;
				GCC_C_LANGUAGE_STANDARD = gnu99;
				GCC_DYNAMIC_NO_PIC = NO;
				GCC_NO_COMMON_BLOCKS = YES;
				GCC_OPTIMIZATION_LEVEL = 0;
				GCC_PREPROCESSOR_DEFINITIONS = (
					"DEBUG=1",
					"$(inherited)",
				);
				GCC_WARN_64_TO_32_BIT_CONVERSION = YES;
				GCC_WARN_ABOUT_RETURN_TYPE = YES_ERROR;
				GCC_WARN_UNDECLARED_SELECTOR = YES;
				GCC_WARN_UNINITIALIZED_AUTOS = YES_AGGRESSIVE;
				GCC_WARN_UNUSED_FUNCTION = YES;
				GCC_WARN_UNUSED_VARIABLE = YES;
				IPHONEOS_DEPLOYMENT_TARGET = 10.1;
				MTL_ENABLE_DEBUG_INFO = YES;
				ONLY_ACTIVE_ARCH = YES;
				SDKROOT = iphoneos;
			};
			name = Debug;
		};
		21BC60321DDF1FA9003CC1C4 /* Release */ = {
			isa = XCBuildConfiguration;
			buildSettings = {
				ALWAYS_SEARCH_USER_PATHS = NO;
				CLANG_ANALYZER_NONNULL = YES;
				CLANG_CXX_LANGUAGE_STANDARD = "gnu++0x";
				CLANG_CXX_LIBRARY = "libc++";
				CLANG_ENABLE_MODULES = YES;
				CLANG_ENABLE_OBJC_ARC = YES;
				CLANG_WARN_BOOL_CONVERSION = YES;
				CLANG_WARN_CONSTANT_CONVERSION = YES;
				CLANG_WARN_DIRECT_OBJC_ISA_USAGE = YES_ERROR;
				CLANG_WARN_DOCUMENTATION_COMMENTS = YES;
				CLANG_WARN_EMPTY_BODY = YES;
				CLANG_WARN_ENUM_CONVERSION = YES;
				CLANG_WARN_INFINITE_RECURSION = YES;
				CLANG_WARN_INT_CONVERSION = YES;
				CLANG_WARN_OBJC_ROOT_CLASS = YES_ERROR;
				CLANG_WARN_SUSPICIOUS_MOVES = YES;
				CLANG_WARN_UNREACHABLE_CODE = YES;
				CLANG_WARN__DUPLICATE_METHOD_MATCH = YES;
				"CODE_SIGN_IDENTITY[sdk=iphoneos*]" = "iPhone Developer";
				COPY_PHASE_STRIP = NO;
				DEBUG_INFORMATION_FORMAT = "dwarf-with-dsym";
				ENABLE_NS_ASSERTIONS = NO;
				ENABLE_STRICT_OBJC_MSGSEND = YES;
				GCC_C_LANGUAGE_STANDARD = gnu99;
				GCC_NO_COMMON_BLOCKS = YES;
				GCC_WARN_64_TO_32_BIT_CONVERSION = YES;
				GCC_WARN_ABOUT_RETURN_TYPE = YES_ERROR;
				GCC_WARN_UNDECLARED_SELECTOR = YES;
				GCC_WARN_UNINITIALIZED_AUTOS = YES_AGGRESSIVE;
				GCC_WARN_UNUSED_FUNCTION = YES;
				GCC_WARN_UNUSED_VARIABLE = YES;
				IPHONEOS_DEPLOYMENT_TARGET = 10.1;
				MTL_ENABLE_DEBUG_INFO = NO;
				SDKROOT = iphoneos;
				VALIDATE_PRODUCT = YES;
			};
			name = Release;
		};
		21BC60341DDF1FA9003CC1C4 /* Debug */ = {
			isa = XCBuildConfiguration;
			baseConfigurationReference = B8C0B942AAAF476A01AE2662 /* Pods-LoveFreshBee.debug.xcconfig */;
			buildSettings = {
				ASSETCATALOG_COMPILER_APPICON_NAME = AppIcon;
				GCC_PREFIX_HEADER = LoveFreshBee/AFB.pch;
				INFOPLIST_FILE = LoveFreshBee/Info.plist;
				IPHONEOS_DEPLOYMENT_TARGET = 10.0;
				LD_RUNPATH_SEARCH_PATHS = "$(inherited) @executable_path/Frameworks";
				PRODUCT_BUNDLE_IDENTIFIER = com.gaozhijia.LoveFreshBee;
				PRODUCT_NAME = "$(TARGET_NAME)";
			};
			name = Debug;
		};
		21BC60351DDF1FA9003CC1C4 /* Release */ = {
			isa = XCBuildConfiguration;
			baseConfigurationReference = 04119FED40C8F5FAE2C90733 /* Pods-LoveFreshBee.release.xcconfig */;
			buildSettings = {
				ASSETCATALOG_COMPILER_APPICON_NAME = AppIcon;
				GCC_PREFIX_HEADER = LoveFreshBee/AFB.pch;
				INFOPLIST_FILE = LoveFreshBee/Info.plist;
				IPHONEOS_DEPLOYMENT_TARGET = 10.0;
				LD_RUNPATH_SEARCH_PATHS = "$(inherited) @executable_path/Frameworks";
				PRODUCT_BUNDLE_IDENTIFIER = com.gaozhijia.LoveFreshBee;
				PRODUCT_NAME = "$(TARGET_NAME)";
			};
			name = Release;
		};
/* End XCBuildConfiguration section */

/* Begin XCConfigurationList section */
		21BC60141DDF1FA9003CC1C4 /* Build configuration list for PBXProject "LoveFreshBee" */ = {
			isa = XCConfigurationList;
			buildConfigurations = (
				21BC60311DDF1FA9003CC1C4 /* Debug */,
				21BC60321DDF1FA9003CC1C4 /* Release */,
			);
			defaultConfigurationIsVisible = 0;
			defaultConfigurationName = Release;
		};
		21BC60331DDF1FA9003CC1C4 /* Build configuration list for PBXNativeTarget "LoveFreshBee" */ = {
			isa = XCConfigurationList;
			buildConfigurations = (
				21BC60341DDF1FA9003CC1C4 /* Debug */,
				21BC60351DDF1FA9003CC1C4 /* Release */,
			);
			defaultConfigurationIsVisible = 0;
			defaultConfigurationName = Release;
		};
/* End XCConfigurationList section */

/* Begin XCVersionGroup section */
		21BC60281DDF1FA9003CC1C4 /* LoveFreshBee.xcdatamodeld */ = {
			isa = XCVersionGroup;
			children = (
				21BC60291DDF1FA9003CC1C4 /* LoveFreshBee.xcdatamodel */,
			);
			currentVersion = 21BC60291DDF1FA9003CC1C4 /* LoveFreshBee.xcdatamodel */;
			path = LoveFreshBee.xcdatamodeld;
			sourceTree = "<group>";
			versionGroupType = wrapper.xcdatamodel;
		};
/* End XCVersionGroup section */
	};
	rootObject = 21BC60111DDF1FA9003CC1C4 /* Project object */;
}
