// !$*UTF8*$!
{
	archiveVersion = 1;
	classes = {
	};
	objectVersion = 46;
	objects = {

/* Begin PBXBuildFile section */
		0122F39D659797F8EC3FC1EA /* libPods-LoveFreshBee.a in Frameworks */ = {isa = PBXBuildFile; fileRef = D74C517ACC8EA77E0AC85EE6 /* libPods-LoveFreshBee.a */; };
		21BC601E1DDF1FA9003CC1C4 /* main.m in Sources */ = {isa = PBXBuildFile; fileRef = 21BC601D1DDF1FA9003CC1C4 /* main.m */; };
		21BC60211DDF1FA9003CC1C4 /* AppDelegate.m in Sources */ = {isa = PBXBuildFile; fileRef = 21BC60201DDF1FA9003CC1C4 /* AppDelegate.m */; };
		21BC602A1DDF1FA9003CC1C4 /* LoveFreshBee.xcdatamodeld in Sources */ = {isa = PBXBuildFile; fileRef = 21BC60281DDF1FA9003CC1C4 /* LoveFreshBee.xcdatamodeld */; };
		21BC602C1DDF1FA9003CC1C4 /* Assets.xcassets in Resources */ = {isa = PBXBuildFile; fileRef = 21BC602B1DDF1FA9003CC1C4 /* Assets.xcassets */; };
		21BC602F1DDF1FA9003CC1C4 /* LaunchScreen.storyboard in Resources */ = {isa = PBXBuildFile; fileRef = 21BC602D1DDF1FA9003CC1C4 /* LaunchScreen.storyboard */; };
/* End PBXBuildFile section */

/* Begin PBXFileReference section */
		04119FED40C8F5FAE2C90733 /* Pods-LoveFreshBee.release.xcconfig */ = {isa = PBXFileReference; includeInIndex = 1; lastKnownFileType = text.xcconfig; name = "Pods-LoveFreshBee.release.xcconfig"; path = "Pods/Target Support Files/Pods-LoveFreshBee/Pods-LoveFreshBee.release.xcconfig"; sourceTree = "<group>"; };
		21BC60191DDF1FA9003CC1C4 /* LoveFreshBee.app */ = {isa = PBXFileReference; explicitFileType = wrapper.application; includeInIndex = 0; path = LoveFreshBee.app; sourceTree = BUILT_PRODUCTS_DIR; };
		21BC601D1DDF1FA9003CC1C4 /* main.m */ = {isa = PBXFileReference; lastKnownFileType = sourcecode.c.objc; path = main.m; sourceTree = "<group>"; };
		21BC601F1DDF1FA9003CC1C4 /* AppDelegate.h */ = {isa = PBXFileReference; lastKnownFileType = sourcecode.c.h; path = AppDelegate.h; sourceTree = "<group>"; };
		21BC60201DDF1FA9003CC1C4 /* AppDelegate.m */ = {isa = PBXFileReference; lastKnownFileType = sourcecode.c.objc; path = AppDelegate.m; sourceTree = "<group>"; };
		21BC60291DDF1FA9003CC1C4 /* LoveFreshBee.xcdatamodel */ = {isa = PBXFileReference; lastKnownFileType = wrapper.xcdatamodel; path = LoveFreshBee.xcdatamodel; sourceTree = "<group>"; };
		21BC602B1DDF1FA9003CC1C4 /* Assets.xcassets */ = {isa = PBXFileReference; lastKnownFileType = folder.assetcatalog; path = Assets.xcassets; sourceTree = "<group>"; };
		21BC602E1DDF1FA9003CC1C4 /* Base */ = {isa = PBXFileReference; lastKnownFileType = file.storyboard; name = Base; path = Base.lproj/LaunchScreen.storyboard; sourceTree = "<group>"; };
		21BC60301DDF1FA9003CC1C4 /* Info.plist */ = {isa = PBXFileReference; lastKnownFileType = text.plist.xml; path = Info.plist; sourceTree = "<group>"; };
		B8C0B942AAAF476A01AE2662 /* Pods-LoveFreshBee.debug.xcconfig */ = {isa = PBXFileReference; includeInIndex = 1; lastKnownFileType = text.xcconfig; name = "Pods-LoveFreshBee.debug.xcconfig"; path = "Pods/Target Support Files/Pods-LoveFreshBee/Pods-LoveFreshBee.debug.xcconfig"; sourceTree = "<group>"; };
		D74C517ACC8EA77E0AC85EE6 /* libPods-LoveFreshBee.a */ = {isa = PBXFileReference; explicitFileType = archive.ar; includeInIndex = 0; path = "libPods-LoveFreshBee.a"; sourceTree = BUILT_PRODUCTS_DIR; };
/* End PBXFileReference section */

/* Begin PBXFrameworksBuildPhase section */
		21BC60161DDF1FA9003CC1C4 /* Frameworks */ = {
			isa = PBXFrameworksBuildPhase;
			buildActionMask = 2147483647;
			files = (
				0122F39D659797F8EC3FC1EA /* libPods-LoveFreshBee.a in Frameworks */,
			);
			runOnlyForDeploymentPostprocessing = 0;
		};
/* End PBXFrameworksBuildPhase section */

/* Begin PBXGroup section */
		21A1056A1DE01E5700A92BAE /* Class */ = {
			isa = PBXGroup;
			children = (
				21A105701DE01E5700A92BAE /* Mains */,
				21A1056B1DE01E5700A92BAE /* Home */,
				21A1057F1DE01E5700A92BAE /* SuperMarket */,
				21A1057A1DE01E5700A92BAE /* ShopCar */,
				21A105751DE01E5700A92BAE /* Mine */,
				21A105841DE01E5700A92BAE /* Tools */,
			);
			path = Class;
			sourceTree = "<group>";
		};
		21A1056B1DE01E5700A92BAE /* Home */ = {
			isa = PBXGroup;
			children = (
				21A1056C1DE01E5700A92BAE /* Controllers */,
				21A1056D1DE01E5700A92BAE /* Models */,
				21A1056E1DE01E5700A92BAE /* Others */,
				21A1056F1DE01E5700A92BAE /* Views */,
			);
			path = Home;
			sourceTree = "<group>";
		};
		21A1056C1DE01E5700A92BAE /* Controllers */ = {
			isa = PBXGroup;
			children = (
			);
			path = Controllers;
			sourceTree = "<group>";
		};
		21A1056D1DE01E5700A92BAE /* Models */ = {
			isa = PBXGroup;
			children = (
			);
			path = Models;
			sourceTree = "<group>";
		};
		21A1056E1DE01E5700A92BAE /* Others */ = {
			isa = PBXGroup;
			children = (
			);
			path = Others;
			sourceTree = "<group>";
		};
		21A1056F1DE01E5700A92BAE /* Views */ = {
			isa = PBXGroup;
			children = (
			);
			path = Views;
			sourceTree = "<group>";
		};
		21A105701DE01E5700A92BAE /* Mains */ = {
			isa = PBXGroup;
			children = (
				21A105711DE01E5700A92BAE /* Controllers */,
				21A105721DE01E5700A92BAE /* Models */,
				21A105731DE01E5700A92BAE /* Others */,
				21A105741DE01E5700A92BAE /* Views */,
			);
			path = Mains;
			sourceTree = "<group>";
		};
		21A105711DE01E5700A92BAE /* Controllers */ = {
			isa = PBXGroup;
			children = (
			);
			path = Controllers;
			sourceTree = "<group>";
		};
		21A105721DE01E5700A92BAE /* Models */ = {
			isa = PBXGroup;
			children = (
			);
			path = Models;
			sourceTree = "<group>";
		};
		21A105731DE01E5700A92BAE /* Others */ = {
			isa = PBXGroup;
			children = (
			);
			path = Others;
			sourceTree = "<group>";
		};
		21A105741DE01E5700A92BAE /* Views */ = {
			isa = PBXGroup;
			children = (
			);
			path = Views;
			sourceTree = "<group>";
		};
		21A105751DE01E5700A92BAE /* Mine */ = {
			isa = PBXGroup;
			children = (
				21A105761DE01E5700A92BAE /* Controllers */,
				21A105771DE01E5700A92BAE /* Models */,
				21A105781DE01E5700A92BAE /* Others */,
				21A105791DE01E5700A92BAE /* Views */,
			);
			path = Mine;
			sourceTree = "<group>";
		};
		21A105761DE01E5700A92BAE /* Controllers */ = {
			isa = PBXGroup;
			children = (
			);
			path = Controllers;
			sourceTree = "<group>";
		};
		21A105771DE01E5700A92BAE /* Models */ = {
			isa = PBXGroup;
			children = (
			);
			path = Models;
			sourceTree = "<group>";
		};
		21A105781DE01E5700A92BAE /* Others */ = {
			isa = PBXGroup;
			children = (
			);
			path = Others;
			sourceTree = "<group>";
		};
		21A105791DE01E5700A92BAE /* Views */ = {
			isa = PBXGroup;
			children = (
			);
			path = Views;
			sourceTree = "<group>";
		};
		21A1057A1DE01E5700A92BAE /* ShopCar */ = {
			isa = PBXGroup;
			children = (
				21A1057B1DE01E5700A92BAE /* Controllers */,
				21A1057C1DE01E5700A92BAE /* Models */,
				21A1057D1DE01E5700A92BAE /* Others */,
				21A1057E1DE01E5700A92BAE /* Views */,
			);
			path = ShopCar;
			sourceTree = "<group>";
		};
		21A1057B1DE01E5700A92BAE /* Controllers */ = {
			isa = PBXGroup;
			children = (
			);
			path = Controllers;
			sourceTree = "<group>";
		};
		21A1057C1DE01E5700A92BAE /* Models */ = {
			isa = PBXGroup;
			children = (
			);
			path = Models;
			sourceTree = "<group>";
		};
		21A1057D1DE01E5700A92BAE /* Others */ = {
			isa = PBXGroup;
			children = (
			);
			path = Others;
			sourceTree = "<group>";
		};
		21A1057E1DE01E5700A92BAE /* Views */ = {
			isa = PBXGroup;
			children = (
			);
			path = Views;
			sourceTree = "<group>";
		};
		21A1057F1DE01E5700A92BAE /* SuperMarket */ = {
			isa = PBXGroup;
			children = (
				21A105801DE01E5700A92BAE /* Controllers */,
				21A105811DE01E5700A92BAE /* Models */,
				21A105821DE01E5700A92BAE /* Others */,
				21A105831DE01E5700A92BAE /* Views */,
			);
			path = SuperMarket;
			sourceTree = "<group>";
		};
		21A105801DE01E5700A92BAE /* Controllers */ = {
			isa = PBXGroup;
			children = (
			);
			path = Controllers;
			sourceTree = "<group>";
		};
		21A105811DE01E5700A92BAE /* Models */ = {
			isa = PBXGroup;
			children = (
			);
			path = Models;
			sourceTree = "<group>";
		};
		21A105821DE01E5700A92BAE /* Others */ = {
			isa = PBXGroup;
			children = (
			);
			path = Others;
			sourceTree = "<group>";
		};
		21A105831DE01E5700A92BAE /* Views */ = {
			isa = PBXGroup;
			children = (
			);
			path = Views;
			sourceTree = "<group>";
		};
		21A105841DE01E5700A92BAE /* Tools */ = {
			isa = PBXGroup;
			children = (
			);
			path = Tools;
			sourceTree = "<group>";
		};
		21BC60101DDF1FA9003CC1C4 = {
			isa = PBXGroup;
			children = (
				21BC601B1DDF1FA9003CC1C4 /* LoveFreshBee */,
				21BC601A1DDF1FA9003CC1C4 /* Products */,
				E786C4662A2FCA23E1126C41 /* Pods */,
				A80975EB640F52211D87E22B /* Frameworks */,
			);
			sourceTree = "<group>";
		};
		21BC601A1DDF1FA9003CC1C4 /* Products */ = {
			isa = PBXGroup;
			children = (
				21BC60191DDF1FA9003CC1C4 /* LoveFreshBee.app */,
			);
			name = Products;
			sourceTree = "<group>";
		};
		21BC601B1DDF1FA9003CC1C4 /* LoveFreshBee */ = {
			isa = PBXGroup;
			children = (
				21A1056A1DE01E5700A92BAE /* Class */,
				21BC601C1DDF1FA9003CC1C4 /* Supporting Files */,
			);
			path = LoveFreshBee;
			sourceTree = "<group>";
		};
		21BC601C1DDF1FA9003CC1C4 /* Supporting Files */ = {
			isa = PBXGroup;
			children = (
				21BC601F1DDF1FA9003CC1C4 /* AppDelegate.h */,
				21BC60201DDF1FA9003CC1C4 /* AppDelegate.m */,
				21BC602B1DDF1FA9003CC1C4 /* Assets.xcassets */,
				21BC602D1DDF1FA9003CC1C4 /* LaunchScreen.storyboard */,
				21BC60301DDF1FA9003CC1C4 /* Info.plist */,
				21BC60281DDF1FA9003CC1C4 /* LoveFreshBee.xcdatamodeld */,
				21BC601D1DDF1FA9003CC1C4 /* main.m */,
			);
			name = "Supporting Files";
			sourceTree = "<group>";
		};
		A80975EB640F52211D87E22B /* Frameworks */ = {
			isa = PBXGroup;
			children = (
				D74C517ACC8EA77E0AC85EE6 /* libPods-LoveFreshBee.a */,
			);
			name = Frameworks;
			sourceTree = "<group>";
		};
		E786C4662A2FCA23E1126C41 /* Pods */ = {
			isa = PBXGroup;
			children = (
				B8C0B942AAAF476A01AE2662 /* Pods-LoveFreshBee.debug.xcconfig */,
				04119FED40C8F5FAE2C90733 /* Pods-LoveFreshBee.release.xcconfig */,
			);
			name = Pods;
			sourceTree = "<group>";
		};
/* End PBXGroup section */

/* Begin PBXNativeTarget section */
		21BC60181DDF1FA9003CC1C4 /* LoveFreshBee */ = {
			isa = PBXNativeTarget;
			buildConfigurationList = 21BC60331DDF1FA9003CC1C4 /* Build configuration list for PBXNativeTarget "LoveFreshBee" */;
			buildPhases = (
				E1AEF6038B26AE175C57CE2D /* [CP] Check Pods Manifest.lock */,
				21BC60151DDF1FA9003CC1C4 /* Sources */,
				21BC60161DDF1FA9003CC1C4 /* Frameworks */,
				21BC60171DDF1FA9003CC1C4 /* Resources */,
				A74D79EF2FD682C395578C89 /* [CP] Embed Pods Frameworks */,
				635B43C9F88C1947AACB5B11 /* [CP] Copy Pods Resources */,
			);
			buildRules = (
			);
			dependencies = (
			);
			name = LoveFreshBee;
			productName = LoveFreshBee;
			productReference = 21BC60191DDF1FA9003CC1C4 /* LoveFreshBee.app */;
			productType = "com.apple.product-type.application";
		};
/* End PBXNativeTarget section */

/* Begin PBXProject section */
		21BC60111DDF1FA9003CC1C4 /* Project object */ = {
			isa = PBXProject;
			attributes = {
				LastUpgradeCheck = 0810;
				ORGANIZATIONNAME = gao2015;
				TargetAttributes = {
					21BC60181DDF1FA9003CC1C4 = {
						CreatedOnToolsVersion = 8.1;
						ProvisioningStyle = Automatic;
					};
				};
			};
			buildConfigurationList = 21BC60141DDF1FA9003CC1C4 /* Build configuration list for PBXProject "LoveFreshBee" */;
			compatibilityVersion = "Xcode 3.2";
			developmentRegion = English;
			hasScannedForEncodings = 0;
			knownRegions = (
				en,
				Base,
			);
			mainGroup = 21BC60101DDF1FA9003CC1C4;
			productRefGroup = 21BC601A1DDF1FA9003CC1C4 /* Products */;
			projectDirPath = "";
			projectRoot = "";
			targets = (
				21BC60181DDF1FA9003CC1C4 /* LoveFreshBee */,
			);
		};
/* End PBXProject section */

/* Begin PBXResourcesBuildPhase section */
		21BC60171DDF1FA9003CC1C4 /* Resources */ = {
			isa = PBXResourcesBuildPhase;
			buildActionMask = 2147483647;
			files = (
				21BC602F1DDF1FA9003CC1C4 /* LaunchScreen.storyboard in Resources */,
				21BC602C1DDF1FA9003CC1C4 /* Assets.xcassets in Resources */,
			);
			runOnlyForDeploymentPostprocessing = 0;
		};
/* End PBXResourcesBuildPhase section */

/* Begin PBXShellScriptBuildPhase section */
		635B43C9F88C1947AACB5B11 /* [CP] Copy Pods Resources */ = {
			isa = PBXShellScriptBuildPhase;
			buildActionMask = 2147483647;
			files = (
			);
			inputPaths = (
			);
			name = "[CP] Copy Pods Resources";
			outputPaths = (
			);
			runOnlyForDeploymentPostprocessing = 0;
			shellPath = /bin/sh;
			shellScript = "\"${SRCROOT}/Pods/Target Support Files/Pods-LoveFreshBee/Pods-LoveFreshBee-resources.sh\"\n";
			showEnvVarsInLog = 0;
		};
		A74D79EF2FD682C395578C89 /* [CP] Embed Pods Frameworks */ = {
			isa = PBXShellScriptBuildPhase;
			buildActionMask = 2147483647;
			files = (
			);
			inputPaths = (
			);
			name = "[CP] Embed Pods Frameworks";
			outputPaths = (
			);
			runOnlyForDeploymentPostprocessing = 0;
			shellPath = /bin/sh;
			shellScript = "\"${SRCROOT}/Pods/Target Support Files/Pods-LoveFreshBee/Pods-LoveFreshBee-frameworks.sh\"\n";
			showEnvVarsInLog = 0;
		};
		E1AEF6038B26AE175C57CE2D /* [CP] Check Pods Manifest.lock */ = {
			isa = PBXShellScriptBuildPhase;
			buildActionMask = 2147483647;
			files = (
			);
			inputPaths = (
			);
			name = "[CP] Check Pods Manifest.lock";
			outputPaths = (
			);
			runOnlyForDeploymentPostprocessing = 0;
			shellPath = /bin/sh;
			shellScript = "diff \"${PODS_ROOT}/../Podfile.lock\" \"${PODS_ROOT}/Manifest.lock\" > /dev/null\nif [ $? != 0 ] ; then\n    # print error to STDERR\n    echo \"error: The sandbox is not in sync with the Podfile.lock. Run 'pod install' or update your CocoaPods installation.\" >&2\n    exit 1\nfi\n";
			showEnvVarsInLog = 0;
		};
/* End PBXShellScriptBuildPhase section */

/* Begin PBXSourcesBuildPhase section */
		21BC60151DDF1FA9003CC1C4 /* Sources */ = {
			isa = PBXSourcesBuildPhase;
			buildActionMask = 2147483647;
			files = (
				21BC60211DDF1FA9003CC1C4 /* AppDelegate.m in Sources */,
				21BC601E1DDF1FA9003CC1C4 /* main.m in Sources */,
				21BC602A1DDF1FA9003CC1C4 /* LoveFreshBee.xcdatamodeld in Sources */,
			);
			runOnlyForDeploymentPostprocessing = 0;
		};
/* End PBXSourcesBuildPhase section */

/* Begin PBXVariantGroup section */
		21BC602D1DDF1FA9003CC1C4 /* LaunchScreen.storyboard */ = {
			isa = PBXVariantGroup;
			children = (
				21BC602E1DDF1FA9003CC1C4 /* Base */,
			);
			name = LaunchScreen.storyboard;
			sourceTree = "<group>";
		};
/* End PBXVariantGroup section */

/* Begin XCBuildConfiguration section */
		21BC60311DDF1FA9003CC1C4 /* Debug */ = {
			isa = XCBuildConfiguration;
			buildSettings = {
				ALWAYS_SEARCH_USER_PATHS = NO;
				CLANG_ANALYZER_NONNULL = YES;
				CLANG_CXX_LANGUAGE_STANDARD = "gnu++0x";
				CLANG_CXX_LIBRARY = "libc++";
				CLANG_ENABLE_MODULES = YES;
				CLANG_ENABLE_OBJC_ARC = YES;
				CLANG_WARN_BOOL_CONVERSION = YES;
				CLANG_WARN_CONSTANT_CONVERSION = YES;
				CLANG_WARN_DIRECT_OBJC_ISA_USAGE = YES_ERROR;
				CLANG_WARN_DOCUMENTATION_COMMENTS = YES;
				CLANG_WARN_EMPTY_BODY = YES;
				CLANG_WARN_ENUM_CONVERSION = YES;
				CLANG_WARN_INFINITE_RECURSION = YES;
				CLANG_WARN_INT_CONVERSION = YES;
				CLANG_WARN_OBJC_ROOT_CLASS = YES_ERROR;
				CLANG_WARN_SUSPICIOUS_MOVES = YES;
				CLANG_WARN_UNREACHABLE_CODE = YES;
				CLANG_WARN__DUPLICATE_METHOD_MATCH = YES;
				"CODE_SIGN_IDENTITY[sdk=iphoneos*]" = "iPhone Developer";
				COPY_PHASE_STRIP = NO;
				DEBUG_INFORMATION_FORMAT = dwarf;
				ENABLE_STRICT_OBJC_MSGSEND = YES;
				ENABLE_TESTABILITY = YES;
				GCC_C_LANGUAGE_STANDARD = gnu99;
				GCC_DYNAMIC_NO_PIC = NO;
				GCC_NO_COMMON_BLOCKS = YES;
				GCC_OPTIMIZATION_LEVEL = 0;
				GCC_PREPROCESSOR_DEFINITIONS = (
					"DEBUG=1",
					"$(inherited)",
				);
				GCC_WARN_64_TO_32_BIT_CONVERSION = YES;
				GCC_WARN_ABOUT_RETURN_TYPE = YES_ERROR;
				GCC_WARN_UNDECLARED_SELECTOR = YES;
				GCC_WARN_UNINITIALIZED_AUTOS = YES_AGGRESSIVE;
				GCC_WARN_UNUSED_FUNCTION = YES;
				GCC_WARN_UNUSED_VARIABLE = YES;
				IPHONEOS_DEPLOYMENT_TARGET = 10.1;
				MTL_ENABLE_DEBUG_INFO = YES;
				ONLY_ACTIVE_ARCH = YES;
				SDKROOT = iphoneos;
			};
			name = Debug;
		};
		21BC60321DDF1FA9003CC1C4 /* Release */ = {
			isa = XCBuildConfiguration;
			buildSettings = {
				ALWAYS_SEARCH_USER_PATHS = NO;
				CLANG_ANALYZER_NONNULL = YES;
				CLANG_CXX_LANGUAGE_STANDARD = "gnu++0x";
				CLANG_CXX_LIBRARY = "libc++";
				CLANG_ENABLE_MODULES = YES;
				CLANG_ENABLE_OBJC_ARC = YES;
				CLANG_WARN_BOOL_CONVERSION = YES;
				CLANG_WARN_CONSTANT_CONVERSION = YES;
				CLANG_WARN_DIRECT_OBJC_ISA_USAGE = YES_ERROR;
				CLANG_WARN_DOCUMENTATION_COMMENTS = YES;
				CLANG_WARN_EMPTY_BODY = YES;
				CLANG_WARN_ENUM_CONVERSION = YES;
				CLANG_WARN_INFINITE_RECURSION = YES;
				CLANG_WARN_INT_CONVERSION = YES;
				CLANG_WARN_OBJC_ROOT_CLASS = YES_ERROR;
				CLANG_WARN_SUSPICIOUS_MOVES = YES;
				CLANG_WARN_UNREACHABLE_CODE = YES;
				CLANG_WARN__DUPLICATE_METHOD_MATCH = YES;
				"CODE_SIGN_IDENTITY[sdk=iphoneos*]" = "iPhone Developer";
				COPY_PHASE_STRIP = NO;
				DEBUG_INFORMATION_FORMAT = "dwarf-with-dsym";
				ENABLE_NS_ASSERTIONS = NO;
				ENABLE_STRICT_OBJC_MSGSEND = YES;
				GCC_C_LANGUAGE_STANDARD = gnu99;
				GCC_NO_COMMON_BLOCKS = YES;
				GCC_WARN_64_TO_32_BIT_CONVERSION = YES;
				GCC_WARN_ABOUT_RETURN_TYPE = YES_ERROR;
				GCC_WARN_UNDECLARED_SELECTOR = YES;
				GCC_WARN_UNINITIALIZED_AUTOS = YES_AGGRESSIVE;
				GCC_WARN_UNUSED_FUNCTION = YES;
				GCC_WARN_UNUSED_VARIABLE = YES;
				IPHONEOS_DEPLOYMENT_TARGET = 10.1;
				MTL_ENABLE_DEBUG_INFO = NO;
				SDKROOT = iphoneos;
				VALIDATE_PRODUCT = YES;
			};
			name = Release;
		};
		21BC60341DDF1FA9003CC1C4 /* Debug */ = {
			isa = XCBuildConfiguration;
			baseConfigurationReference = B8C0B942AAAF476A01AE2662 /* Pods-LoveFreshBee.debug.xcconfig */;
			buildSettings = {
				ASSETCATALOG_COMPILER_APPICON_NAME = AppIcon;
				INFOPLIST_FILE = LoveFreshBee/Info.plist;
				LD_RUNPATH_SEARCH_PATHS = "$(inherited) @executable_path/Frameworks";
				PRODUCT_BUNDLE_IDENTIFIER = com.gaozhijia.LoveFreshBee;
				PRODUCT_NAME = "$(TARGET_NAME)";
			};
			name = Debug;
		};
		21BC60351DDF1FA9003CC1C4 /* Release */ = {
			isa = XCBuildConfiguration;
			baseConfigurationReference = 04119FED40C8F5FAE2C90733 /* Pods-LoveFreshBee.release.xcconfig */;
			buildSettings = {
				ASSETCATALOG_COMPILER_APPICON_NAME = AppIcon;
				INFOPLIST_FILE = LoveFreshBee/Info.plist;
				LD_RUNPATH_SEARCH_PATHS = "$(inherited) @executable_path/Frameworks";
				PRODUCT_BUNDLE_IDENTIFIER = com.gaozhijia.LoveFreshBee;
				PRODUCT_NAME = "$(TARGET_NAME)";
			};
			name = Release;
		};
/* End XCBuildConfiguration section */

/* Begin XCConfigurationList section */
		21BC60141DDF1FA9003CC1C4 /* Build configuration list for PBXProject "LoveFreshBee" */ = {
			isa = XCConfigurationList;
			buildConfigurations = (
				21BC60311DDF1FA9003CC1C4 /* Debug */,
				21BC60321DDF1FA9003CC1C4 /* Release */,
			);
			defaultConfigurationIsVisible = 0;
			defaultConfigurationName = Release;
		};
		21BC60331DDF1FA9003CC1C4 /* Build configuration list for PBXNativeTarget "LoveFreshBee" */ = {
			isa = XCConfigurationList;
			buildConfigurations = (
				21BC60341DDF1FA9003CC1C4 /* Debug */,
				21BC60351DDF1FA9003CC1C4 /* Release */,
			);
			defaultConfigurationIsVisible = 0;
			defaultConfigurationName = Release;
		};
/* End XCConfigurationList section */

/* Begin XCVersionGroup section */
		21BC60281DDF1FA9003CC1C4 /* LoveFreshBee.xcdatamodeld */ = {
			isa = XCVersionGroup;
			children = (
				21BC60291DDF1FA9003CC1C4 /* LoveFreshBee.xcdatamodel */,
			);
			currentVersion = 21BC60291DDF1FA9003CC1C4 /* LoveFreshBee.xcdatamodel */;
			path = LoveFreshBee.xcdatamodeld;
			sourceTree = "<group>";
			versionGroupType = wrapper.xcdatamodel;
		};
/* End XCVersionGroup section */
	};
	rootObject = 21BC60111DDF1FA9003CC1C4 /* Project object */;
}
